{
  "name": "mapcast",
  "version": "0.1.0",
  "lockfileVersion": 3,
  "requires": true,
  "packages": {
    "": {
      "name": "mapcast",
      "version": "0.1.0",
      "license": "MIT",
      "dependencies": {
        "earcut": "^3.2.3",
        "leaflet": "^1.9.4",
        "three": "^0.180.0"
      },
      "devDependencies": {
        "opentype.js": "^2.0.0"
      },
      "engines": {
        "node": ">=22"
      }
    },
    "node_modules/earcut": {
      "version": "3.2.3",
      "resolved": "https://registry.npmjs.org/earcut/-/earcut-3.2.3.tgz",
      "integrity": "sha512-vnS4AVwp1KHAF13i1vp1/2D5evWy3k5u/iW/B81QVsUZtV8cv2tU0b2VNFlqvh4kYwrFMDdjPCfAmfyJW9y14Q==",
      "license": "ISC"
    },
    "node_modules/leaflet": {
      "version": "1.9.4",
      "resolved": "https://registry.npmjs.org/leaflet/-/leaflet-1.9.4.tgz",
      "integrity": "sha512-nxS1ynzJOmOlHp+iL3FyWqK89GtNL8U8rvlMOsQdTTssxZwCXh8N2NB3GDQOL+YR3XnWyZAxwQixURb+FA74PA==",
      "license": "BSD-2-Clause"
    },
    "node_modules/opentype.js": {
      "version": "2.0.0",
      "resolved": "https://registry.npmjs.org/opentype.js/-/opentype.js-2.0.0.tgz",
      "integrity": "sha512-kCyjv6xdDY1W/jLWZ/L3QhhTlKUqDZMQ5+Jdlw12b3dXkKNpYBqqlMMj0YDQPShWFTMwgZI1hG14kN3XUDSg/A==",
      "dev": true,
      "license": "MIT",
      "bin": {
        "ot": "bin/ot"
      }
    },
    "node_modules/three": {
      "version": "0.180.0",
      "resolved": "https://registry.npmjs.org/three/-/three-0.180.0.tgz",
      "integrity": "sha512-o+qycAMZrh+TsE01GqWUxUIKR1AL0S8pq7zDkYOQw8GqfX8b8VoCKYUoHbhiX5j+7hr8XsuHDVU6+gkQJQKg9w==",
      "license": "MIT"
    }
  }
}
